version = 1
requires-python = ">=3.13"

[[package]]
name = "ale-env"
version = "0.1.0"
source = { editable = "." }
dependencies = [
    { name = "maturin", extra = ["patchelf"] },
    { name = "numpy" },
]

[package.metadata]
requires-dist = [
    { name = "maturin", extras = ["patchelf"], specifier = ">=1.8.2" },
    { name = "numpy", specifier = ">=2.2.3" },
]

[[package]]
name = "maturin"
version = "1.8.2"
source = { registry = "https://pypi.org/simple" }
sdist = { url = "https://files.pythonhosted.org/packages/e0/8f/6978427ce3f72b189012e1731d1d2d27b3151caa741666c905320e0a3662/maturin-1.8.2.tar.gz", hash = "sha256:e31abc70f6f93285d6e63d2f4459c079c94c259dd757370482d2d4ceb9ec1fa0", size = 199276 }
wheels = [
    { url = "https://files.pythonhosted.org/packages/67/7a/8fbcaf8f29e583567b21512aa56012fbe5f3e4293ae18a768f4106d584d5/maturin-1.8.2-py3-none-linux_armv6l.whl", hash = "sha256:174cb81c573c4a74be96b4e4469ac84e543cff75850fe2728a8eebb5f4d7b613", size = 7676631 },
    { url = "https://files.pythonhosted.org/packages/c8/88/e17f71a34d4c99558e33c2c3de2c53c4ec01e3fa1c931ba0a8cdc805ebc5/maturin-1.8.2-py3-none-macosx_10_12_x86_64.macosx_11_0_arm64.macosx_10_12_universal2.whl", hash = "sha256:63ff7f612da90a26838a9c03aa8a80bab8b4e26f63e3df6ddb0e818394eb0aeb", size = 15126750 },
    { url = "https://files.pythonhosted.org/packages/cb/fa/aab9005b0edaeb04a47cc47b07fa4afa25484d2f72217b276e2a446b795f/maturin-1.8.2-py3-none-macosx_10_12_x86_64.whl", hash = "sha256:c91504b4f05b07d0a9fb47c2a2a39c074328b6bc8f252190240e431f5f7ea8d7", size = 7885398 },
    { url = "https://files.pythonhosted.org/packages/24/59/0f12db41e683d82a48f92ac5499c89faa416036b3c3a7379b71aa1ce0ccb/maturin-1.8.2-py3-none-manylinux_2_12_i686.manylinux2010_i686.musllinux_1_1_i686.whl", hash = "sha256:05e3a2aa9611afa5e1205dfa1434607f9d8e223d613a8a7c85540a159af688c0", size = 7754886 },
    { url = "https://files.pythonhosted.org/packages/03/94/b9cb42cb5706389692b24f4691645e0b980708e46c9f008e89f4bb92a497/maturin-1.8.2-py3-none-manylinux_2_12_x86_64.manylinux2010_x86_64.musllinux_1_1_x86_64.whl", hash = "sha256:b408093e49d6d4ab98066eefd0fac64b01eb7af639e9b3151660c5fa96ce147c", size = 8226047 },
    { url = "https://files.pythonhosted.org/packages/1e/38/63c8198a626407b1cefa37670f9d995616249f541ed9616252895bb2710b/maturin-1.8.2-py3-none-manylinux_2_17_aarch64.manylinux2014_aarch64.musllinux_1_1_aarch64.whl", hash = "sha256:638c66616f9b10060197c48d9e1eedf444d975699d9cd829138e69014554cda7", size = 7485993 },
    { url = "https://files.pythonhosted.org/packages/d3/f3/8d7308902ab190a71c80bda92f3b72d446067fdf40a4c29d5de8e379f598/maturin-1.8.2-py3-none-manylinux_2_17_armv7l.manylinux2014_armv7l.musllinux_1_1_armv7l.whl", hash = "sha256:c2001b5c57e0dbf5992be56b93ffa897d4bcd0d6ca3de448e381b621225d4d87", size = 7570380 },
    { url = "https://files.pythonhosted.org/packages/06/49/5458df84167506023b934b71488e75aa4a2f9af005f5659d9915adedca55/maturin-1.8.2-py3-none-manylinux_2_17_ppc64le.manylinux2014_ppc64le.musllinux_1_1_ppc64le.whl", hash = "sha256:e015a5534aefb568b96a9cc7bc58995b1d90b5e2a44455d79e4f073a88cb0c83", size = 9811532 },
    { url = "https://files.pythonhosted.org/packages/d9/52/deb373d1a046287e6f77146204524adbf70184c5510ed95aab882570c69d/maturin-1.8.2-py3-none-manylinux_2_17_s390x.manylinux2014_s390x.whl", hash = "sha256:5e624f73cb7fbfd8042e8c5cc5c11f58bede23a7931ea3ea9839812f5bd362fc", size = 10910211 },
    { url = "https://files.pythonhosted.org/packages/da/b8/f0475031de5f5328c8b2bbb9b50503a6b0a58b3c5cbe50a656c418ca7435/maturin-1.8.2-py3-none-win32.whl", hash = "sha256:4a62268975f98885a04ae9f0df875b304e4f8c1f0d989e8a7ab18e42793126ee", size = 6980868 },
    { url = "https://files.pythonhosted.org/packages/a2/f3/a67264d4ae3bf61a73abf616eba59543e0c8d182a77230703380f1858494/maturin-1.8.2-py3-none-win_amd64.whl", hash = "sha256:b6b29811013056f46a1e0b7f26907ae080028be65102d4fb23fbdf86847fffbd", size = 7886565 },
    { url = "https://files.pythonhosted.org/packages/5e/df/3641646696277249407c923795825176403c208a6553e0fd21b6764038b5/maturin-1.8.2-py3-none-win_arm64.whl", hash = "sha256:4232c2380faf61862d27269c6acf14e1d542c4ba64086a3f5c356d6e5e4823e7", size = 6656754 },
]

[package.optional-dependencies]
patchelf = [
    { name = "patchelf" },
]

[[package]]
name = "numpy"
version = "2.2.3"
source = { registry = "https://pypi.org/simple" }
sdist = { url = "https://files.pythonhosted.org/packages/fb/90/8956572f5c4ae52201fdec7ba2044b2c882832dcec7d5d0922c9e9acf2de/numpy-2.2.3.tar.gz", hash = "sha256:dbdc15f0c81611925f382dfa97b3bd0bc2c1ce19d4fe50482cb0ddc12ba30020", size = 20262700 }
wheels = [
    { url = "https://files.pythonhosted.org/packages/0e/8b/88b98ed534d6a03ba8cddb316950fe80842885709b58501233c29dfa24a9/numpy-2.2.3-cp313-cp313-macosx_10_13_x86_64.whl", hash = "sha256:7bfdb06b395385ea9b91bf55c1adf1b297c9fdb531552845ff1d3ea6e40d5aba", size = 20916001 },
    { url = "https://files.pythonhosted.org/packages/d9/b4/def6ec32c725cc5fbd8bdf8af80f616acf075fe752d8a23e895da8c67b70/numpy-2.2.3-cp313-cp313-macosx_11_0_arm64.whl", hash = "sha256:23c9f4edbf4c065fddb10a4f6e8b6a244342d95966a48820c614891e5059bb50", size = 14130721 },
    { url = "https://files.pythonhosted.org/packages/20/60/70af0acc86495b25b672d403e12cb25448d79a2b9658f4fc45e845c397a8/numpy-2.2.3-cp313-cp313-macosx_14_0_arm64.whl", hash = "sha256:a0c03b6be48aaf92525cccf393265e02773be8fd9551a2f9adbe7db1fa2b60f1", size = 5130999 },
    { url = "https://files.pythonhosted.org/packages/2e/69/d96c006fb73c9a47bcb3611417cf178049aae159afae47c48bd66df9c536/numpy-2.2.3-cp313-cp313-macosx_14_0_x86_64.whl", hash = "sha256:2376e317111daa0a6739e50f7ee2a6353f768489102308b0d98fcf4a04f7f3b5", size = 6665299 },
    { url = "https://files.pythonhosted.org/packages/5a/3f/d8a877b6e48103733ac224ffa26b30887dc9944ff95dffdfa6c4ce3d7df3/numpy-2.2.3-cp313-cp313-manylinux_2_17_aarch64.manylinux2014_aarch64.whl", hash = "sha256:8fb62fe3d206d72fe1cfe31c4a1106ad2b136fcc1606093aeab314f02930fdf2", size = 14064096 },
    { url = "https://files.pythonhosted.org/packages/e4/43/619c2c7a0665aafc80efca465ddb1f260287266bdbdce517396f2f145d49/numpy-2.2.3-cp313-cp313-manylinux_2_17_x86_64.manylinux2014_x86_64.whl", hash = "sha256:52659ad2534427dffcc36aac76bebdd02b67e3b7a619ac67543bc9bfe6b7cdb1", size = 16114758 },
    { url = "https://files.pythonhosted.org/packages/d9/79/ee4fe4f60967ccd3897aa71ae14cdee9e3c097e3256975cc9575d393cb42/numpy-2.2.3-cp313-cp313-musllinux_1_2_aarch64.whl", hash = "sha256:1b416af7d0ed3271cad0f0a0d0bee0911ed7eba23e66f8424d9f3dfcdcae1304", size = 15259880 },
    { url = "https://files.pythonhosted.org/packages/fb/c8/8b55cf05db6d85b7a7d414b3d1bd5a740706df00bfa0824a08bf041e52ee/numpy-2.2.3-cp313-cp313-musllinux_1_2_x86_64.whl", hash = "sha256:1402da8e0f435991983d0a9708b779f95a8c98c6b18a171b9f1be09005e64d9d", size = 17876721 },
    { url = "https://files.pythonhosted.org/packages/21/d6/b4c2f0564b7dcc413117b0ffbb818d837e4b29996b9234e38b2025ed24e7/numpy-2.2.3-cp313-cp313-win32.whl", hash = "sha256:136553f123ee2951bfcfbc264acd34a2fc2f29d7cdf610ce7daf672b6fbaa693", size = 6290195 },
    { url = "https://files.pythonhosted.org/packages/97/e7/7d55a86719d0de7a6a597949f3febefb1009435b79ba510ff32f05a8c1d7/numpy-2.2.3-cp313-cp313-win_amd64.whl", hash = "sha256:5b732c8beef1d7bc2d9e476dbba20aaff6167bf205ad9aa8d30913859e82884b", size = 12619013 },
    { url = "https://files.pythonhosted.org/packages/a6/1f/0b863d5528b9048fd486a56e0b97c18bf705e88736c8cea7239012119a54/numpy-2.2.3-cp313-cp313t-macosx_10_13_x86_64.whl", hash = "sha256:435e7a933b9fda8126130b046975a968cc2d833b505475e588339e09f7672890", size = 20944621 },
    { url = "https://files.pythonhosted.org/packages/aa/99/b478c384f7a0a2e0736177aafc97dc9152fc036a3fdb13f5a3ab225f1494/numpy-2.2.3-cp313-cp313t-macosx_11_0_arm64.whl", hash = "sha256:7678556eeb0152cbd1522b684dcd215250885993dd00adb93679ec3c0e6e091c", size = 14142502 },
    { url = "https://files.pythonhosted.org/packages/fb/61/2d9a694a0f9cd0a839501d362de2a18de75e3004576a3008e56bdd60fcdb/numpy-2.2.3-cp313-cp313t-macosx_14_0_arm64.whl", hash = "sha256:2e8da03bd561504d9b20e7a12340870dfc206c64ea59b4cfee9fceb95070ee94", size = 5176293 },
    { url = "https://files.pythonhosted.org/packages/33/35/51e94011b23e753fa33f891f601e5c1c9a3d515448659b06df9d40c0aa6e/numpy-2.2.3-cp313-cp313t-macosx_14_0_x86_64.whl", hash = "sha256:c9aa4496fd0e17e3843399f533d62857cef5900facf93e735ef65aa4bbc90ef0", size = 6691874 },
    { url = "https://files.pythonhosted.org/packages/ff/cf/06e37619aad98a9d03bd8d65b8e3041c3a639be0f5f6b0a0e2da544538d4/numpy-2.2.3-cp313-cp313t-manylinux_2_17_aarch64.manylinux2014_aarch64.whl", hash = "sha256:f4ca91d61a4bf61b0f2228f24bbfa6a9facd5f8af03759fe2a655c50ae2c6610", size = 14036826 },
    { url = "https://files.pythonhosted.org/packages/0c/93/5d7d19955abd4d6099ef4a8ee006f9ce258166c38af259f9e5558a172e3e/numpy-2.2.3-cp313-cp313t-manylinux_2_17_x86_64.manylinux2014_x86_64.whl", hash = "sha256:deaa09cd492e24fd9b15296844c0ad1b3c976da7907e1c1ed3a0ad21dded6f76", size = 16096567 },
    { url = "https://files.pythonhosted.org/packages/af/53/d1c599acf7732d81f46a93621dab6aa8daad914b502a7a115b3f17288ab2/numpy-2.2.3-cp313-cp313t-musllinux_1_2_aarch64.whl", hash = "sha256:246535e2f7496b7ac85deffe932896a3577be7af8fb7eebe7146444680297e9a", size = 15242514 },
    { url = "https://files.pythonhosted.org/packages/53/43/c0f5411c7b3ea90adf341d05ace762dad8cb9819ef26093e27b15dd121ac/numpy-2.2.3-cp313-cp313t-musllinux_1_2_x86_64.whl", hash = "sha256:daf43a3d1ea699402c5a850e5313680ac355b4adc9770cd5cfc2940e7861f1bf", size = 17872920 },
    { url = "https://files.pythonhosted.org/packages/5b/57/6dbdd45ab277aff62021cafa1e15f9644a52f5b5fc840bc7591b4079fb58/numpy-2.2.3-cp313-cp313t-win32.whl", hash = "sha256:cf802eef1f0134afb81fef94020351be4fe1d6681aadf9c5e862af6602af64ef", size = 6346584 },
    { url = "https://files.pythonhosted.org/packages/97/9b/484f7d04b537d0a1202a5ba81c6f53f1846ae6c63c2127f8df869ed31342/numpy-2.2.3-cp313-cp313t-win_amd64.whl", hash = "sha256:aee2512827ceb6d7f517c8b85aa5d3923afe8fc7a57d028cffcd522f1c6fd082", size = 12706784 },
]

[[package]]
name = "patchelf"
version = "0.17.2.1"
source = { registry = "https://pypi.org/simple" }
sdist = { url = "https://files.pythonhosted.org/packages/83/ec/ac383eb82792e092d8037649b382cf78a7b79c2ce4e5b861f61519b9b14e/patchelf-0.17.2.1.tar.gz", hash = "sha256:a6eb0dd452ce4127d0d5e1eb26515e39186fa609364274bc1b0b77539cfa7031", size = 167484 }
wheels = [
    { url = "https://files.pythonhosted.org/packages/ef/09/b7ec52d01ad2936c967e929fd076b0a2e4f94ce950c9440e38f98c67675e/patchelf-0.17.2.1-py2.py3-none-manylinux_2_17_aarch64.manylinux2014_aarch64.musllinux_1_1_aarch64.whl", hash = "sha256:fc329da0e8f628bd836dfb8eaf523547e342351fa8f739bf2b3fe4a6db5a297c", size = 421930 },
    { url = "https://files.pythonhosted.org/packages/69/47/e02357d1075cdf4b56be39a6c218a5a2b0bd3896011120ae3765190ab527/patchelf-0.17.2.1-py2.py3-none-manylinux_2_17_armv7l.manylinux2014_armv7l.musllinux_1_1_armv7l.whl", hash = "sha256:ccb266a94edf016efe80151172c26cff8c2ec120a57a1665d257b0442784195d", size = 381147 },
    { url = "https://files.pythonhosted.org/packages/92/78/3f4e19d6ba7acf1e01db6d82d23e0435a76466187644ce0dbcf6bd621317/patchelf-0.17.2.1-py2.py3-none-manylinux_2_17_ppc64le.manylinux2014_ppc64le.musllinux_1_1_ppc64le.whl", hash = "sha256:f47b5bdd6885cfb20abdd14c707d26eb6f499a7f52e911865548d4aa43385502", size = 488526 },
    { url = "https://files.pythonhosted.org/packages/08/d3/adedfbcff489605a0e907f390006ef7d59a3ac56a9e2dbe721ddbbb1e58e/patchelf-0.17.2.1-py2.py3-none-manylinux_2_17_s390x.manylinux2014_s390x.musllinux_1_1_s390x.whl", hash = "sha256:a9e6ebb0874a11f7ed56d2380bfaa95f00612b23b15f896583da30c2059fcfa8", size = 470060 },
    { url = "https://files.pythonhosted.org/packages/c6/9b/33e54d5916863904609e40b53206e5a49cf649b71f7f787eddcbc27a9f5c/patchelf-0.17.2.1-py2.py3-none-manylinux_2_5_i686.manylinux1_i686.musllinux_1_1_i686.whl", hash = "sha256:3c8d58f0e4c1929b1c7c45ba8da5a84a8f1aa6a82a46e1cfb2e44a4d40f350e5", size = 499565 },
    { url = "https://files.pythonhosted.org/packages/c6/73/c3105c973dd2afcdc5d946ee211d5c4ecdf9d27bb54ae835b144e706e86d/patchelf-0.17.2.1-py2.py3-none-manylinux_2_5_x86_64.manylinux1_x86_64.musllinux_1_1_x86_64.whl", hash = "sha256:d1a9bc0d4fd80c038523ebdc451a1cce75237cfcc52dbd1aca224578001d5927", size = 425709 },
]
